// !$*UTF8*$!
{
	archiveVersion = 1;
	classes = {
	};
	objectVersion = 46;
	objects = {

/* Begin PBXBuildFile section */
		6A2C7D1ADC36448B92530BA5 /* libPods-Guitar Scales Interactive.a in Frameworks */ = {isa = PBXBuildFile; fileRef = 9E5A017661574384B0EC06AC /* libPods-Guitar Scales Interactive.a */; };
		B108CABF199AD1E70047A473 /* Foundation.framework in Frameworks */ = {isa = PBXBuildFile; fileRef = B108CABE199AD1E70047A473 /* Foundation.framework */; };
		B108CAC1199AD1E70047A473 /* CoreGraphics.framework in Frameworks */ = {isa = PBXBuildFile; fileRef = B108CAC0199AD1E70047A473 /* CoreGraphics.framework */; };
		B108CAC3199AD1E70047A473 /* UIKit.framework in Frameworks */ = {isa = PBXBuildFile; fileRef = B108CAC2199AD1E70047A473 /* UIKit.framework */; };
		B108CAC9199AD1E70047A473 /* InfoPlist.strings in Resources */ = {isa = PBXBuildFile; fileRef = B108CAC7199AD1E70047A473 /* InfoPlist.strings */; };
		B108CACB199AD1E70047A473 /* main.m in Sources */ = {isa = PBXBuildFile; fileRef = B108CACA199AD1E70047A473 /* main.m */; };
		B108CACF199AD1E70047A473 /* AppDelegate.m in Sources */ = {isa = PBXBuildFile; fileRef = B108CACE199AD1E70047A473 /* AppDelegate.m */; };
		B108CADA199AD1E70047A473 /* Images.xcassets in Resources */ = {isa = PBXBuildFile; fileRef = B108CAD9199AD1E70047A473 /* Images.xcassets */; };
		B108CAE1199AD1E80047A473 /* XCTest.framework in Frameworks */ = {isa = PBXBuildFile; fileRef = B108CAE0199AD1E80047A473 /* XCTest.framework */; };
		B108CAE2199AD1E80047A473 /* Foundation.framework in Frameworks */ = {isa = PBXBuildFile; fileRef = B108CABE199AD1E70047A473 /* Foundation.framework */; };
		B108CAE3199AD1E80047A473 /* UIKit.framework in Frameworks */ = {isa = PBXBuildFile; fileRef = B108CAC2199AD1E70047A473 /* UIKit.framework */; };
		B108CAEB199AD1E80047A473 /* InfoPlist.strings in Resources */ = {isa = PBXBuildFile; fileRef = B108CAE9199AD1E80047A473 /* InfoPlist.strings */; };
		B108CAED199AD1E80047A473 /* Guitar_Scales_InteractiveTests.m in Sources */ = {isa = PBXBuildFile; fileRef = B108CAEC199AD1E80047A473 /* Guitar_Scales_InteractiveTests.m */; };
		B108CB00199AD77A0047A473 /* ScalesViewController.m in Sources */ = {isa = PBXBuildFile; fileRef = B108CAFE199AD77A0047A473 /* ScalesViewController.m */; };
		B108CB01199AD77A0047A473 /* ScalesViewController.xib in Resources */ = {isa = PBXBuildFile; fileRef = B108CAFF199AD77A0047A473 /* ScalesViewController.xib */; };
		B108CB08199ADB570047A473 /* StringView.m in Sources */ = {isa = PBXBuildFile; fileRef = B108CB07199ADB570047A473 /* StringView.m */; };
		B108CB0E199B01F30047A473 /* Scale.m in Sources */ = {isa = PBXBuildFile; fileRef = B108CB0D199B01F30047A473 /* Scale.m */; };
		B108CB11199B028E0047A473 /* Position.m in Sources */ = {isa = PBXBuildFile; fileRef = B108CB10199B028E0047A473 /* Position.m */; };
		B108CB14199B02990047A473 /* Degree.m in Sources */ = {isa = PBXBuildFile; fileRef = B108CB13199B02990047A473 /* Degree.m */; };
		B108CB18199B04710047A473 /* Model.m in Sources */ = {isa = PBXBuildFile; fileRef = B108CB17199B04710047A473 /* Model.m */; };
		B12A028F1B055B0B00B6AFB6 /* UITableViewCell+Guitar.m in Sources */ = {isa = PBXBuildFile; fileRef = B12A028E1B055B0B00B6AFB6 /* UITableViewCell+Guitar.m */; };
		B13799FB19AD1BE0002314D7 /* DegreeButtonView.m in Sources */ = {isa = PBXBuildFile; fileRef = B13799FA19AD1BE0002314D7 /* DegreeButtonView.m */; };
		B148F34B19D4B2B0007BF91F /* DoubleDegreeButtonView.m in Sources */ = {isa = PBXBuildFile; fileRef = B148F34A19D4B2B0007BF91F /* DoubleDegreeButtonView.m */; };
		B148F34D19D4C188007BF91F /* OpusTextStd.otf in Resources */ = {isa = PBXBuildFile; fileRef = B148F34C19D4C188007BF91F /* OpusTextStd.otf */; };
		B148F34F19D4C54E007BF91F /* JasonSharpie.ttf in Resources */ = {isa = PBXBuildFile; fileRef = B148F34E19D4C54E007BF91F /* JasonSharpie.ttf */; };
		B15F7B7019AAA35900028D8D /* OratorStd.otf in Resources */ = {isa = PBXBuildFile; fileRef = B15F7B6F19AAA35900028D8D /* OratorStd.otf */; };
		B15F7B7219AAA38900028D8D /* Proletarsk.ttf in Resources */ = {isa = PBXBuildFile; fileRef = B15F7B7119AAA38900028D8D /* Proletarsk.ttf */; };
		B15F7B7619AAA83900028D8D /* UIFont+Guitar.m in Sources */ = {isa = PBXBuildFile; fileRef = B15F7B7519AAA83900028D8D /* UIFont+Guitar.m */; };
		B15F7B7919AAB13800028D8D /* UIColor+Guitar.m in Sources */ = {isa = PBXBuildFile; fileRef = B15F7B7819AAB13800028D8D /* UIColor+Guitar.m */; };
		B15F7B7F19ABFED400028D8D /* MenuTableViewController.m in Sources */ = {isa = PBXBuildFile; fileRef = B15F7B7E19ABFED400028D8D /* MenuTableViewController.m */; };
		B167A1611A0BC24400AFFC07 /* SVBasicManual-Bold.ttf in Resources */ = {isa = PBXBuildFile; fileRef = B167A1601A0BC24400AFFC07 /* SVBasicManual-Bold.ttf */; };
		B167A1631A0BC24D00AFFC07 /* Blackout-Midnight.ttf in Resources */ = {isa = PBXBuildFile; fileRef = B167A1621A0BC24D00AFFC07 /* Blackout-Midnight.ttf */; };
		B167A1671A0BC5AF00AFFC07 /* jr!hand.ttf in Resources */ = {isa = PBXBuildFile; fileRef = B167A1661A0BC5AF00AFFC07 /* jr!hand.ttf */; };
		B167A1691A0BC84800AFFC07 /* BravuraText.otf in Resources */ = {isa = PBXBuildFile; fileRef = B167A1681A0BC84800AFFC07 /* BravuraText.otf */; };
		B167A16B1A0BC8BE00AFFC07 /* Bravura.otf in Resources */ = {isa = PBXBuildFile; fileRef = B167A16A1A0BC8BE00AFFC07 /* Bravura.otf */; };
		B16B17B11D998ABE00A52785 /* FullStringView.m in Sources */ = {isa = PBXBuildFile; fileRef = B16B17B01D998ABE00A52785 /* FullStringView.m */; };
		B16E944E199FDB5A001F769A /* CoreText.framework in Frameworks */ = {isa = PBXBuildFile; fileRef = B16E944D199FDB5A001F769A /* CoreText.framework */; };
		B16E945119A05169001F769A /* GuitarStore.m in Sources */ = {isa = PBXBuildFile; fileRef = B16E945019A05169001F769A /* GuitarStore.m */; };
		B16E945419A05A8E001F769A /* DegreeView.m in Sources */ = {isa = PBXBuildFile; fileRef = B16E945319A05A8E001F769A /* DegreeView.m */; };
		B16E945619A16F8D001F769A /* notes.json in Resources */ = {isa = PBXBuildFile; fileRef = B16E945519A16F8D001F769A /* notes.json */; };
		B16E945A19A173D8001F769A /* Coordinate.m in Sources */ = {isa = PBXBuildFile; fileRef = B16E945919A173D8001F769A /* Coordinate.m */; };
		B16E945D19A176FA001F769A /* DegreePosition.m in Sources */ = {isa = PBXBuildFile; fileRef = B16E945C19A176FA001F769A /* DegreePosition.m */; };
		B181A0F41AEFCB900067E79D /* MainViewController.m in Sources */ = {isa = PBXBuildFile; fileRef = B181A0F31AEFCB900067E79D /* MainViewController.m */; };
		B181A0F71AEFCFF20067E79D /* OptionsViewController.m in Sources */ = {isa = PBXBuildFile; fileRef = B181A0F61AEFCFF20067E79D /* OptionsViewController.m */; };
		B192A1691D99955800B2B2F3 /* ArrowButton.m in Sources */ = {isa = PBXBuildFile; fileRef = B192A1681D99955800B2B2F3 /* ArrowButton.m */; };
		B1AFCD8F19AE23DF00714B2D /* NSMutableArray+Guitar.m in Sources */ = {isa = PBXBuildFile; fileRef = B1AFCD8E19AE23DF00714B2D /* NSMutableArray+Guitar.m */; };
		B1EC83EF19F40A7800A3D30F /* TutorialViewController.m in Sources */ = {isa = PBXBuildFile; fileRef = B1EC83EE19F40A7800A3D30F /* TutorialViewController.m */; };
		B1EC83F319F4141700A3D30F /* MenuTableViewCell.m in Sources */ = {isa = PBXBuildFile; fileRef = B1EC83F119F4141700A3D30F /* MenuTableViewCell.m */; };
		B1F9C7361A701A1A00B0D777 /* Crashlytics.framework in Frameworks */ = {isa = PBXBuildFile; fileRef = B1F9C7341A701A1A00B0D777 /* Crashlytics.framework */; };
		B1F9C7371A701A1A00B0D777 /* Fabric.framework in Frameworks */ = {isa = PBXBuildFile; fileRef = B1F9C7351A701A1A00B0D777 /* Fabric.framework */; };
/* End PBXBuildFile section */

/* Begin PBXContainerItemProxy section */
		B108CAE4199AD1E80047A473 /* PBXContainerItemProxy */ = {
			isa = PBXContainerItemProxy;
			containerPortal = B108CAB3199AD1E70047A473 /* Project object */;
			proxyType = 1;
			remoteGlobalIDString = B108CABA199AD1E70047A473;
			remoteInfo = "Guitar Scales Interactive";
		};
/* End PBXContainerItemProxy section */

/* Begin PBXFileReference section */
		494BA7F9D1874C41B2F0B0BE /* Pods-Guitar Scales Interactive.xcconfig */ = {isa = PBXFileReference; includeInIndex = 1; lastKnownFileType = text.xcconfig; name = "Pods-Guitar Scales Interactive.xcconfig"; path = "Pods/Pods-Guitar Scales Interactive.xcconfig"; sourceTree = "<group>"; };
		9E5A017661574384B0EC06AC /* libPods-Guitar Scales Interactive.a */ = {isa = PBXFileReference; explicitFileType = archive.ar; includeInIndex = 0; path = "libPods-Guitar Scales Interactive.a"; sourceTree = BUILT_PRODUCTS_DIR; };
		B108CABB199AD1E70047A473 /* Guitar Note Atlas.app */ = {isa = PBXFileReference; explicitFileType = wrapper.application; includeInIndex = 0; path = "Guitar Note Atlas.app"; sourceTree = BUILT_PRODUCTS_DIR; };
		B108CABE199AD1E70047A473 /* Foundation.framework */ = {isa = PBXFileReference; lastKnownFileType = wrapper.framework; name = Foundation.framework; path = System/Library/Frameworks/Foundation.framework; sourceTree = SDKROOT; };
		B108CAC0199AD1E70047A473 /* CoreGraphics.framework */ = {isa = PBXFileReference; lastKnownFileType = wrapper.framework; name = CoreGraphics.framework; path = System/Library/Frameworks/CoreGraphics.framework; sourceTree = SDKROOT; };
		B108CAC2199AD1E70047A473 /* UIKit.framework */ = {isa = PBXFileReference; lastKnownFileType = wrapper.framework; name = UIKit.framework; path = System/Library/Frameworks/UIKit.framework; sourceTree = SDKROOT; };
		B108CAC6199AD1E70047A473 /* Guitar Scales Interactive-Info.plist */ = {isa = PBXFileReference; lastKnownFileType = text.plist.xml; path = "Guitar Scales Interactive-Info.plist"; sourceTree = "<group>"; };
		B108CAC8199AD1E70047A473 /* en */ = {isa = PBXFileReference; lastKnownFileType = text.plist.strings; name = en; path = en.lproj/InfoPlist.strings; sourceTree = "<group>"; };
		B108CACA199AD1E70047A473 /* main.m */ = {isa = PBXFileReference; lastKnownFileType = sourcecode.c.objc; path = main.m; sourceTree = "<group>"; };
		B108CACC199AD1E70047A473 /* Guitar Scales Interactive-Prefix.pch */ = {isa = PBXFileReference; lastKnownFileType = sourcecode.c.h; path = "Guitar Scales Interactive-Prefix.pch"; sourceTree = "<group>"; };
		B108CACD199AD1E70047A473 /* AppDelegate.h */ = {isa = PBXFileReference; lastKnownFileType = sourcecode.c.h; path = AppDelegate.h; sourceTree = "<group>"; };
		B108CACE199AD1E70047A473 /* AppDelegate.m */ = {isa = PBXFileReference; lastKnownFileType = sourcecode.c.objc; path = AppDelegate.m; sourceTree = "<group>"; };
		B108CAD9199AD1E70047A473 /* Images.xcassets */ = {isa = PBXFileReference; lastKnownFileType = folder.assetcatalog; path = Images.xcassets; sourceTree = "<group>"; };
		B108CADF199AD1E80047A473 /* Guitar Scales InteractiveTests.xctest */ = {isa = PBXFileReference; explicitFileType = wrapper.cfbundle; includeInIndex = 0; path = "Guitar Scales InteractiveTests.xctest"; sourceTree = BUILT_PRODUCTS_DIR; };
		B108CAE0199AD1E80047A473 /* XCTest.framework */ = {isa = PBXFileReference; lastKnownFileType = wrapper.framework; name = XCTest.framework; path = Library/Frameworks/XCTest.framework; sourceTree = DEVELOPER_DIR; };
		B108CAE8199AD1E80047A473 /* Guitar Scales InteractiveTests-Info.plist */ = {isa = PBXFileReference; lastKnownFileType = text.plist.xml; path = "Guitar Scales InteractiveTests-Info.plist"; sourceTree = "<group>"; };
		B108CAEA199AD1E80047A473 /* en */ = {isa = PBXFileReference; lastKnownFileType = text.plist.strings; name = en; path = en.lproj/InfoPlist.strings; sourceTree = "<group>"; };
		B108CAEC199AD1E80047A473 /* Guitar_Scales_InteractiveTests.m */ = {isa = PBXFileReference; lastKnownFileType = sourcecode.c.objc; path = Guitar_Scales_InteractiveTests.m; sourceTree = "<group>"; };
		B108CAFD199AD77A0047A473 /* ScalesViewController.h */ = {isa = PBXFileReference; fileEncoding = 4; lastKnownFileType = sourcecode.c.h; name = ScalesViewController.h; path = ../ScalesViewController.h; sourceTree = "<group>"; };
		B108CAFE199AD77A0047A473 /* ScalesViewController.m */ = {isa = PBXFileReference; fileEncoding = 4; lastKnownFileType = sourcecode.c.objc; name = ScalesViewController.m; path = ../ScalesViewController.m; sourceTree = "<group>"; };
		B108CAFF199AD77A0047A473 /* ScalesViewController.xib */ = {isa = PBXFileReference; fileEncoding = 4; lastKnownFileType = file.xib; name = ScalesViewController.xib; path = ../ScalesViewController.xib; sourceTree = "<group>"; };
		B108CB06199ADB570047A473 /* StringView.h */ = {isa = PBXFileReference; fileEncoding = 4; lastKnownFileType = sourcecode.c.h; path = StringView.h; sourceTree = "<group>"; };
		B108CB07199ADB570047A473 /* StringView.m */ = {isa = PBXFileReference; fileEncoding = 4; lastKnownFileType = sourcecode.c.objc; path = StringView.m; sourceTree = "<group>"; };
		B108CB0C199B01F30047A473 /* Scale.h */ = {isa = PBXFileReference; fileEncoding = 4; lastKnownFileType = sourcecode.c.h; path = Scale.h; sourceTree = "<group>"; };
		B108CB0D199B01F30047A473 /* Scale.m */ = {isa = PBXFileReference; fileEncoding = 4; lastKnownFileType = sourcecode.c.objc; path = Scale.m; sourceTree = "<group>"; };
		B108CB0F199B028E0047A473 /* Position.h */ = {isa = PBXFileReference; fileEncoding = 4; lastKnownFileType = sourcecode.c.h; path = Position.h; sourceTree = "<group>"; };
		B108CB10199B028E0047A473 /* Position.m */ = {isa = PBXFileReference; fileEncoding = 4; lastKnownFileType = sourcecode.c.objc; path = Position.m; sourceTree = "<group>"; };
		B108CB12199B02990047A473 /* Degree.h */ = {isa = PBXFileReference; fileEncoding = 4; lastKnownFileType = sourcecode.c.h; path = Degree.h; sourceTree = "<group>"; };
		B108CB13199B02990047A473 /* Degree.m */ = {isa = PBXFileReference; fileEncoding = 4; lastKnownFileType = sourcecode.c.objc; path = Degree.m; sourceTree = "<group>"; };
		B108CB16199B04710047A473 /* Model.h */ = {isa = PBXFileReference; fileEncoding = 4; lastKnownFileType = sourcecode.c.h; path = Model.h; sourceTree = "<group>"; };
		B108CB17199B04710047A473 /* Model.m */ = {isa = PBXFileReference; fileEncoding = 4; lastKnownFileType = sourcecode.c.objc; path = Model.m; sourceTree = "<group>"; };
		B12A028D1B055B0B00B6AFB6 /* UITableViewCell+Guitar.h */ = {isa = PBXFileReference; fileEncoding = 4; lastKnownFileType = sourcecode.c.h; path = "UITableViewCell+Guitar.h"; sourceTree = "<group>"; };
		B12A028E1B055B0B00B6AFB6 /* UITableViewCell+Guitar.m */ = {isa = PBXFileReference; fileEncoding = 4; lastKnownFileType = sourcecode.c.objc; path = "UITableViewCell+Guitar.m"; sourceTree = "<group>"; };
		B13799F919AD1BE0002314D7 /* DegreeButtonView.h */ = {isa = PBXFileReference; fileEncoding = 4; lastKnownFileType = sourcecode.c.h; path = DegreeButtonView.h; sourceTree = "<group>"; };
		B13799FA19AD1BE0002314D7 /* DegreeButtonView.m */ = {isa = PBXFileReference; fileEncoding = 4; lastKnownFileType = sourcecode.c.objc; path = DegreeButtonView.m; sourceTree = "<group>"; };
		B148F34919D4B2B0007BF91F /* DoubleDegreeButtonView.h */ = {isa = PBXFileReference; fileEncoding = 4; lastKnownFileType = sourcecode.c.h; path = DoubleDegreeButtonView.h; sourceTree = "<group>"; };
		B148F34A19D4B2B0007BF91F /* DoubleDegreeButtonView.m */ = {isa = PBXFileReference; fileEncoding = 4; lastKnownFileType = sourcecode.c.objc; path = DoubleDegreeButtonView.m; sourceTree = "<group>"; };
		B148F34C19D4C188007BF91F /* OpusTextStd.otf */ = {isa = PBXFileReference; lastKnownFileType = file; path = OpusTextStd.otf; sourceTree = "<group>"; };
		B148F34E19D4C54E007BF91F /* JasonSharpie.ttf */ = {isa = PBXFileReference; lastKnownFileType = file; path = JasonSharpie.ttf; sourceTree = "<group>"; };
		B15F7B6F19AAA35900028D8D /* OratorStd.otf */ = {isa = PBXFileReference; lastKnownFileType = file; path = OratorStd.otf; sourceTree = "<group>"; };
		B15F7B7119AAA38900028D8D /* Proletarsk.ttf */ = {isa = PBXFileReference; lastKnownFileType = file; path = Proletarsk.ttf; sourceTree = "<group>"; };
		B15F7B7419AAA83900028D8D /* UIFont+Guitar.h */ = {isa = PBXFileReference; fileEncoding = 4; lastKnownFileType = sourcecode.c.h; path = "UIFont+Guitar.h"; sourceTree = "<group>"; };
		B15F7B7519AAA83900028D8D /* UIFont+Guitar.m */ = {isa = PBXFileReference; fileEncoding = 4; lastKnownFileType = sourcecode.c.objc; path = "UIFont+Guitar.m"; sourceTree = "<group>"; };
		B15F7B7719AAB13800028D8D /* UIColor+Guitar.h */ = {isa = PBXFileReference; fileEncoding = 4; lastKnownFileType = sourcecode.c.h; path = "UIColor+Guitar.h"; sourceTree = "<group>"; };
		B15F7B7819AAB13800028D8D /* UIColor+Guitar.m */ = {isa = PBXFileReference; fileEncoding = 4; lastKnownFileType = sourcecode.c.objc; path = "UIColor+Guitar.m"; sourceTree = "<group>"; };
		B15F7B7D19ABFED400028D8D /* MenuTableViewController.h */ = {isa = PBXFileReference; fileEncoding = 4; lastKnownFileType = sourcecode.c.h; path = MenuTableViewController.h; sourceTree = "<group>"; };
		B15F7B7E19ABFED400028D8D /* MenuTableViewController.m */ = {isa = PBXFileReference; fileEncoding = 4; lastKnownFileType = sourcecode.c.objc; path = MenuTableViewController.m; sourceTree = "<group>"; };
		B167A1601A0BC24400AFFC07 /* SVBasicManual-Bold.ttf */ = {isa = PBXFileReference; lastKnownFileType = file; path = "SVBasicManual-Bold.ttf"; sourceTree = "<group>"; };
		B167A1621A0BC24D00AFFC07 /* Blackout-Midnight.ttf */ = {isa = PBXFileReference; lastKnownFileType = file; path = "Blackout-Midnight.ttf"; sourceTree = "<group>"; };
		B167A1661A0BC5AF00AFFC07 /* jr!hand.ttf */ = {isa = PBXFileReference; lastKnownFileType = file; path = "jr!hand.ttf"; sourceTree = "<group>"; };
		B167A1681A0BC84800AFFC07 /* BravuraText.otf */ = {isa = PBXFileReference; lastKnownFileType = file; path = BravuraText.otf; sourceTree = "<group>"; };
		B167A16A1A0BC8BE00AFFC07 /* Bravura.otf */ = {isa = PBXFileReference; lastKnownFileType = file; path = Bravura.otf; sourceTree = "<group>"; };
		B16B17AF1D998ABE00A52785 /* FullStringView.h */ = {isa = PBXFileReference; fileEncoding = 4; lastKnownFileType = sourcecode.c.h; path = FullStringView.h; sourceTree = "<group>"; };
		B16B17B01D998ABE00A52785 /* FullStringView.m */ = {isa = PBXFileReference; fileEncoding = 4; lastKnownFileType = sourcecode.c.objc; path = FullStringView.m; sourceTree = "<group>"; };
		B16E944D199FDB5A001F769A /* CoreText.framework */ = {isa = PBXFileReference; lastKnownFileType = wrapper.framework; name = CoreText.framework; path = System/Library/Frameworks/CoreText.framework; sourceTree = SDKROOT; };
		B16E944F19A05169001F769A /* GuitarStore.h */ = {isa = PBXFileReference; fileEncoding = 4; lastKnownFileType = sourcecode.c.h; path = GuitarStore.h; sourceTree = "<group>"; };
		B16E945019A05169001F769A /* GuitarStore.m */ = {isa = PBXFileReference; fileEncoding = 4; lastKnownFileType = sourcecode.c.objc; path = GuitarStore.m; sourceTree = "<group>"; };
		B16E945219A05A8E001F769A /* DegreeView.h */ = {isa = PBXFileReference; fileEncoding = 4; lastKnownFileType = sourcecode.c.h; path = DegreeView.h; sourceTree = "<group>"; };
		B16E945319A05A8E001F769A /* DegreeView.m */ = {isa = PBXFileReference; fileEncoding = 4; lastKnownFileType = sourcecode.c.objc; path = DegreeView.m; sourceTree = "<group>"; };
		B16E945519A16F8D001F769A /* notes.json */ = {isa = PBXFileReference; fileEncoding = 4; lastKnownFileType = text.json; path = notes.json; sourceTree = "<group>"; };
		B16E945819A173D8001F769A /* Coordinate.h */ = {isa = PBXFileReference; fileEncoding = 4; lastKnownFileType = sourcecode.c.h; path = Coordinate.h; sourceTree = "<group>"; };
		B16E945919A173D8001F769A /* Coordinate.m */ = {isa = PBXFileReference; fileEncoding = 4; lastKnownFileType = sourcecode.c.objc; path = Coordinate.m; sourceTree = "<group>"; };
		B16E945B19A176FA001F769A /* DegreePosition.h */ = {isa = PBXFileReference; fileEncoding = 4; lastKnownFileType = sourcecode.c.h; path = DegreePosition.h; sourceTree = "<group>"; };
		B16E945C19A176FA001F769A /* DegreePosition.m */ = {isa = PBXFileReference; fileEncoding = 4; lastKnownFileType = sourcecode.c.objc; path = DegreePosition.m; sourceTree = "<group>"; };
		B181A0F21AEFCB900067E79D /* MainViewController.h */ = {isa = PBXFileReference; fileEncoding = 4; lastKnownFileType = sourcecode.c.h; path = MainViewController.h; sourceTree = "<group>"; };
		B181A0F31AEFCB900067E79D /* MainViewController.m */ = {isa = PBXFileReference; fileEncoding = 4; lastKnownFileType = sourcecode.c.objc; path = MainViewController.m; sourceTree = "<group>"; };
		B181A0F51AEFCFF20067E79D /* OptionsViewController.h */ = {isa = PBXFileReference; fileEncoding = 4; lastKnownFileType = sourcecode.c.h; path = OptionsViewController.h; sourceTree = "<group>"; };
		B181A0F61AEFCFF20067E79D /* OptionsViewController.m */ = {isa = PBXFileReference; fileEncoding = 4; lastKnownFileType = sourcecode.c.objc; path = OptionsViewController.m; sourceTree = "<group>"; };
		B192A1671D99955800B2B2F3 /* ArrowButton.h */ = {isa = PBXFileReference; fileEncoding = 4; lastKnownFileType = sourcecode.c.h; path = ArrowButton.h; sourceTree = "<group>"; };
		B192A1681D99955800B2B2F3 /* ArrowButton.m */ = {isa = PBXFileReference; fileEncoding = 4; lastKnownFileType = sourcecode.c.objc; path = ArrowButton.m; sourceTree = "<group>"; };
		B1AFCD8D19AE23DF00714B2D /* NSMutableArray+Guitar.h */ = {isa = PBXFileReference; fileEncoding = 4; lastKnownFileType = sourcecode.c.h; path = "NSMutableArray+Guitar.h"; sourceTree = "<group>"; };
		B1AFCD8E19AE23DF00714B2D /* NSMutableArray+Guitar.m */ = {isa = PBXFileReference; fileEncoding = 4; lastKnownFileType = sourcecode.c.objc; path = "NSMutableArray+Guitar.m"; sourceTree = "<group>"; };
		B1EC83ED19F40A7800A3D30F /* TutorialViewController.h */ = {isa = PBXFileReference; fileEncoding = 4; lastKnownFileType = sourcecode.c.h; path = TutorialViewController.h; sourceTree = "<group>"; };
		B1EC83EE19F40A7800A3D30F /* TutorialViewController.m */ = {isa = PBXFileReference; fileEncoding = 4; lastKnownFileType = sourcecode.c.objc; path = TutorialViewController.m; sourceTree = "<group>"; };
		B1EC83F019F4141700A3D30F /* MenuTableViewCell.h */ = {isa = PBXFileReference; fileEncoding = 4; lastKnownFileType = sourcecode.c.h; path = MenuTableViewCell.h; sourceTree = "<group>"; };
		B1EC83F119F4141700A3D30F /* MenuTableViewCell.m */ = {isa = PBXFileReference; fileEncoding = 4; lastKnownFileType = sourcecode.c.objc; path = MenuTableViewCell.m; sourceTree = "<group>"; };
		B1F9C7341A701A1A00B0D777 /* Crashlytics.framework */ = {isa = PBXFileReference; lastKnownFileType = wrapper.framework; path = Crashlytics.framework; sourceTree = "<group>"; };
		B1F9C7351A701A1A00B0D777 /* Fabric.framework */ = {isa = PBXFileReference; lastKnownFileType = wrapper.framework; path = Fabric.framework; sourceTree = "<group>"; };
/* End PBXFileReference section */

/* Begin PBXFrameworksBuildPhase section */
		B108CAB8199AD1E70047A473 /* Frameworks */ = {
			isa = PBXFrameworksBuildPhase;
			buildActionMask = 2147483647;
			files = (
				B1F9C7371A701A1A00B0D777 /* Fabric.framework in Frameworks */,
				B16E944E199FDB5A001F769A /* CoreText.framework in Frameworks */,
				B108CAC1199AD1E70047A473 /* CoreGraphics.framework in Frameworks */,
				B108CAC3199AD1E70047A473 /* UIKit.framework in Frameworks */,
				B108CABF199AD1E70047A473 /* Foundation.framework in Frameworks */,
				B1F9C7361A701A1A00B0D777 /* Crashlytics.framework in Frameworks */,
				6A2C7D1ADC36448B92530BA5 /* libPods-Guitar Scales Interactive.a in Frameworks */,
			);
			runOnlyForDeploymentPostprocessing = 0;
		};
		B108CADC199AD1E80047A473 /* Frameworks */ = {
			isa = PBXFrameworksBuildPhase;
			buildActionMask = 2147483647;
			files = (
				B108CAE1199AD1E80047A473 /* XCTest.framework in Frameworks */,
				B108CAE3199AD1E80047A473 /* UIKit.framework in Frameworks */,
				B108CAE2199AD1E80047A473 /* Foundation.framework in Frameworks */,
			);
			runOnlyForDeploymentPostprocessing = 0;
		};
/* End PBXFrameworksBuildPhase section */

/* Begin PBXGroup section */
		B108CAB2199AD1E70047A473 = {
			isa = PBXGroup;
			children = (
				B108CAC4199AD1E70047A473 /* Guitar Scales Interactive */,
				B108CAE6199AD1E80047A473 /* Guitar Scales InteractiveTests */,
				B108CABD199AD1E70047A473 /* Frameworks */,
				B108CABC199AD1E70047A473 /* Products */,
				494BA7F9D1874C41B2F0B0BE /* Pods-Guitar Scales Interactive.xcconfig */,
			);
			sourceTree = "<group>";
		};
		B108CABC199AD1E70047A473 /* Products */ = {
			isa = PBXGroup;
			children = (
				B108CABB199AD1E70047A473 /* Guitar Note Atlas.app */,
				B108CADF199AD1E80047A473 /* Guitar Scales InteractiveTests.xctest */,
			);
			name = Products;
			sourceTree = "<group>";
		};
		B108CABD199AD1E70047A473 /* Frameworks */ = {
			isa = PBXGroup;
			children = (
				B1F9C7341A701A1A00B0D777 /* Crashlytics.framework */,
				B1F9C7351A701A1A00B0D777 /* Fabric.framework */,
				B16E944D199FDB5A001F769A /* CoreText.framework */,
				B108CABE199AD1E70047A473 /* Foundation.framework */,
				B108CAC0199AD1E70047A473 /* CoreGraphics.framework */,
				B108CAC2199AD1E70047A473 /* UIKit.framework */,
				B108CAE0199AD1E80047A473 /* XCTest.framework */,
				9E5A017661574384B0EC06AC /* libPods-Guitar Scales Interactive.a */,
			);
			name = Frameworks;
			sourceTree = "<group>";
		};
		B108CAC4199AD1E70047A473 /* Guitar Scales Interactive */ = {
			isa = PBXGroup;
			children = (
				B15F7B7319AAA41400028D8D /* Categories */,
				B108CB0B199B01D20047A473 /* Models */,
				B108CB05199ADAF00047A473 /* Views */,
				B108CB04199ADAE90047A473 /* Controllers */,
				B108CACD199AD1E70047A473 /* AppDelegate.h */,
				B108CACE199AD1E70047A473 /* AppDelegate.m */,
				B108CAD9199AD1E70047A473 /* Images.xcassets */,
				B108CAC5199AD1E70047A473 /* Supporting Files */,
				B16E944F19A05169001F769A /* GuitarStore.h */,
				B16E945019A05169001F769A /* GuitarStore.m */,
			);
			path = "Guitar Scales Interactive";
			sourceTree = "<group>";
		};
		B108CAC5199AD1E70047A473 /* Supporting Files */ = {
			isa = PBXGroup;
			children = (
				B1B0A6D919AA655100F32D77 /* Fonts */,
				B108CAC6199AD1E70047A473 /* Guitar Scales Interactive-Info.plist */,
				B108CAC7199AD1E70047A473 /* InfoPlist.strings */,
				B108CACA199AD1E70047A473 /* main.m */,
				B108CACC199AD1E70047A473 /* Guitar Scales Interactive-Prefix.pch */,
				B16E945519A16F8D001F769A /* notes.json */,
			);
			name = "Supporting Files";
			sourceTree = "<group>";
		};
		B108CAE6199AD1E80047A473 /* Guitar Scales InteractiveTests */ = {
			isa = PBXGroup;
			children = (
				B108CAEC199AD1E80047A473 /* Guitar_Scales_InteractiveTests.m */,
				B108CAE7199AD1E80047A473 /* Supporting Files */,
			);
			path = "Guitar Scales InteractiveTests";
			sourceTree = "<group>";
		};
		B108CAE7199AD1E80047A473 /* Supporting Files */ = {
			isa = PBXGroup;
			children = (
				B108CAE8199AD1E80047A473 /* Guitar Scales InteractiveTests-Info.plist */,
				B108CAE9199AD1E80047A473 /* InfoPlist.strings */,
			);
			name = "Supporting Files";
			sourceTree = "<group>";
		};
		B108CB04199ADAE90047A473 /* Controllers */ = {
			isa = PBXGroup;
			children = (
				B108CAFD199AD77A0047A473 /* ScalesViewController.h */,
				B108CAFE199AD77A0047A473 /* ScalesViewController.m */,
				B108CAFF199AD77A0047A473 /* ScalesViewController.xib */,
				B15F7B7D19ABFED400028D8D /* MenuTableViewController.h */,
				B15F7B7E19ABFED400028D8D /* MenuTableViewController.m */,
				B1EC83ED19F40A7800A3D30F /* TutorialViewController.h */,
				B1EC83EE19F40A7800A3D30F /* TutorialViewController.m */,
				B181A0F21AEFCB900067E79D /* MainViewController.h */,
				B181A0F31AEFCB900067E79D /* MainViewController.m */,
				B181A0F51AEFCFF20067E79D /* OptionsViewController.h */,
				B181A0F61AEFCFF20067E79D /* OptionsViewController.m */,
			);
			name = Controllers;
			sourceTree = "<group>";
		};
		B108CB05199ADAF00047A473 /* Views */ = {
			isa = PBXGroup;
			children = (
				B108CB06199ADB570047A473 /* StringView.h */,
				B108CB07199ADB570047A473 /* StringView.m */,
				B16B17AF1D998ABE00A52785 /* FullStringView.h */,
				B16B17B01D998ABE00A52785 /* FullStringView.m */,
				B16E945219A05A8E001F769A /* DegreeView.h */,
				B16E945319A05A8E001F769A /* DegreeView.m */,
				B13799F919AD1BE0002314D7 /* DegreeButtonView.h */,
				B13799FA19AD1BE0002314D7 /* DegreeButtonView.m */,
				B148F34919D4B2B0007BF91F /* DoubleDegreeButtonView.h */,
				B148F34A19D4B2B0007BF91F /* DoubleDegreeButtonView.m */,
				B1EC83F019F4141700A3D30F /* MenuTableViewCell.h */,
				B1EC83F119F4141700A3D30F /* MenuTableViewCell.m */,
				B192A1671D99955800B2B2F3 /* ArrowButton.h */,
				B192A1681D99955800B2B2F3 /* ArrowButton.m */,
			);
			name = Views;
			sourceTree = "<group>";
		};
		B108CB0B199B01D20047A473 /* Models */ = {
			isa = PBXGroup;
			children = (
				B16E945719A173C3001F769A /* New Group */,
				B108CB16199B04710047A473 /* Model.h */,
				B108CB17199B04710047A473 /* Model.m */,
				B108CB0C199B01F30047A473 /* Scale.h */,
				B108CB0D199B01F30047A473 /* Scale.m */,
				B108CB0F199B028E0047A473 /* Position.h */,
				B108CB10199B028E0047A473 /* Position.m */,
				B108CB12199B02990047A473 /* Degree.h */,
				B108CB13199B02990047A473 /* Degree.m */,
				B16E945819A173D8001F769A /* Coordinate.h */,
				B16E945919A173D8001F769A /* Coordinate.m */,
				B16E945B19A176FA001F769A /* DegreePosition.h */,
				B16E945C19A176FA001F769A /* DegreePosition.m */,
			);
			name = Models;
			sourceTree = "<group>";
		};
		B15F7B7319AAA41400028D8D /* Categories */ = {
			isa = PBXGroup;
			children = (
				B15F7B7419AAA83900028D8D /* UIFont+Guitar.h */,
				B15F7B7519AAA83900028D8D /* UIFont+Guitar.m */,
				B15F7B7719AAB13800028D8D /* UIColor+Guitar.h */,
				B15F7B7819AAB13800028D8D /* UIColor+Guitar.m */,
				B1AFCD8D19AE23DF00714B2D /* NSMutableArray+Guitar.h */,
				B1AFCD8E19AE23DF00714B2D /* NSMutableArray+Guitar.m */,
				B12A028D1B055B0B00B6AFB6 /* UITableViewCell+Guitar.h */,
				B12A028E1B055B0B00B6AFB6 /* UITableViewCell+Guitar.m */,
			);
			name = Categories;
			sourceTree = "<group>";
		};
		B16E945719A173C3001F769A /* New Group */ = {
			isa = PBXGroup;
			children = (
			);
			name = "New Group";
			sourceTree = "<group>";
		};
		B1B0A6D919AA655100F32D77 /* Fonts */ = {
			isa = PBXGroup;
			children = (
				B167A1601A0BC24400AFFC07 /* SVBasicManual-Bold.ttf */,
				B167A16A1A0BC8BE00AFFC07 /* Bravura.otf */,
				B167A1661A0BC5AF00AFFC07 /* jr!hand.ttf */,
				B167A1621A0BC24D00AFFC07 /* Blackout-Midnight.ttf */,
				B167A1681A0BC84800AFFC07 /* BravuraText.otf */,
				B148F34C19D4C188007BF91F /* OpusTextStd.otf */,
				B15F7B7119AAA38900028D8D /* Proletarsk.ttf */,
				B148F34E19D4C54E007BF91F /* JasonSharpie.ttf */,
				B15F7B6F19AAA35900028D8D /* OratorStd.otf */,
			);
			name = Fonts;
			sourceTree = "<group>";
		};
/* End PBXGroup section */

/* Begin PBXNativeTarget section */
		B108CABA199AD1E70047A473 /* Guitar Scales Interactive */ = {
			isa = PBXNativeTarget;
			buildConfigurationList = B108CAF0199AD1E80047A473 /* Build configuration list for PBXNativeTarget "Guitar Scales Interactive" */;
			buildPhases = (
				D52D892F2FA242958F045F1B /* Check Pods Manifest.lock */,
				B108CAB7199AD1E70047A473 /* Sources */,
				B108CAB8199AD1E70047A473 /* Frameworks */,
				B108CAB9199AD1E70047A473 /* Resources */,
				8483123BBB3C480D8F58F894 /* Copy Pods Resources */,
				B1F9C7331A7019C500B0D777 /* ShellScript */,
			);
			buildRules = (
			);
			dependencies = (
			);
			name = "Guitar Scales Interactive";
			productName = "Guitar Scales Interactive";
			productReference = B108CABB199AD1E70047A473 /* Guitar Note Atlas.app */;
			productType = "com.apple.product-type.application";
		};
		B108CADE199AD1E80047A473 /* Guitar Scales InteractiveTests */ = {
			isa = PBXNativeTarget;
			buildConfigurationList = B108CAF3199AD1E80047A473 /* Build configuration list for PBXNativeTarget "Guitar Scales InteractiveTests" */;
			buildPhases = (
				B108CADB199AD1E80047A473 /* Sources */,
				B108CADC199AD1E80047A473 /* Frameworks */,
				B108CADD199AD1E80047A473 /* Resources */,
			);
			buildRules = (
			);
			dependencies = (
				B108CAE5199AD1E80047A473 /* PBXTargetDependency */,
			);
			name = "Guitar Scales InteractiveTests";
			productName = "Guitar Scales InteractiveTests";
			productReference = B108CADF199AD1E80047A473 /* Guitar Scales InteractiveTests.xctest */;
			productType = "com.apple.product-type.bundle.unit-test";
		};
/* End PBXNativeTarget section */

/* Begin PBXProject section */
		B108CAB3199AD1E70047A473 /* Project object */ = {
			isa = PBXProject;
			attributes = {
				LastUpgradeCheck = 0510;
				TargetAttributes = {
					B108CADE199AD1E80047A473 = {
						DevelopmentTeam = XS87R2WV3V;
						TestTargetID = B108CABA199AD1E70047A473;
					};
				};
			};
			buildConfigurationList = B108CAB6199AD1E70047A473 /* Build configuration list for PBXProject "Guitar Scales Interactive" */;
			compatibilityVersion = "Xcode 3.2";
			developmentRegion = English;
			hasScannedForEncodings = 0;
			knownRegions = (
				en,
				Base,
			);
			mainGroup = B108CAB2199AD1E70047A473;
			productRefGroup = B108CABC199AD1E70047A473 /* Products */;
			projectDirPath = "";
			projectRoot = "";
			targets = (
				B108CABA199AD1E70047A473 /* Guitar Scales Interactive */,
				B108CADE199AD1E80047A473 /* Guitar Scales InteractiveTests */,
			);
		};
/* End PBXProject section */

/* Begin PBXResourcesBuildPhase section */
		B108CAB9199AD1E70047A473 /* Resources */ = {
			isa = PBXResourcesBuildPhase;
			buildActionMask = 2147483647;
			files = (
				B108CADA199AD1E70047A473 /* Images.xcassets in Resources */,
				B16E945619A16F8D001F769A /* notes.json in Resources */,
				B15F7B7219AAA38900028D8D /* Proletarsk.ttf in Resources */,
				B167A1691A0BC84800AFFC07 /* BravuraText.otf in Resources */,
				B148F34F19D4C54E007BF91F /* JasonSharpie.ttf in Resources */,
				B15F7B7019AAA35900028D8D /* OratorStd.otf in Resources */,
				B108CAC9199AD1E70047A473 /* InfoPlist.strings in Resources */,
				B148F34D19D4C188007BF91F /* OpusTextStd.otf in Resources */,
				B167A1611A0BC24400AFFC07 /* SVBasicManual-Bold.ttf in Resources */,
				B108CB01199AD77A0047A473 /* ScalesViewController.xib in Resources */,
				B167A1671A0BC5AF00AFFC07 /* jr!hand.ttf in Resources */,
				B167A1631A0BC24D00AFFC07 /* Blackout-Midnight.ttf in Resources */,
				B167A16B1A0BC8BE00AFFC07 /* Bravura.otf in Resources */,
			);
			runOnlyForDeploymentPostprocessing = 0;
		};
		B108CADD199AD1E80047A473 /* Resources */ = {
			isa = PBXResourcesBuildPhase;
			buildActionMask = 2147483647;
			files = (
				B108CAEB199AD1E80047A473 /* InfoPlist.strings in Resources */,
			);
			runOnlyForDeploymentPostprocessing = 0;
		};
/* End PBXResourcesBuildPhase section */

/* Begin PBXShellScriptBuildPhase section */
		8483123BBB3C480D8F58F894 /* Copy Pods Resources */ = {
			isa = PBXShellScriptBuildPhase;
			buildActionMask = 2147483647;
			files = (
			);
			inputPaths = (
			);
			name = "Copy Pods Resources";
			outputPaths = (
			);
			runOnlyForDeploymentPostprocessing = 0;
			shellPath = /bin/sh;
			shellScript = "\"${SRCROOT}/Pods/Pods-Guitar Scales Interactive-resources.sh\"\n";
			showEnvVarsInLog = 0;
		};
		B1F9C7331A7019C500B0D777 /* ShellScript */ = {
			isa = PBXShellScriptBuildPhase;
			buildActionMask = 2147483647;
			files = (
			);
			inputPaths = (
			);
			outputPaths = (
			);
			runOnlyForDeploymentPostprocessing = 0;
			shellPath = /bin/sh;
			shellScript = "./Fabric.framework/run ff9c07b253d0cf7961410e02031de6e292b0a4f6 c530b43fade2d8bfca60975b518d49b4d31a79d054dfd99d09fa5f3368a632a3";
		};
		D52D892F2FA242958F045F1B /* Check Pods Manifest.lock */ = {
			isa = PBXShellScriptBuildPhase;
			buildActionMask = 2147483647;
			files = (
			);
			inputPaths = (
			);
			name = "Check Pods Manifest.lock";
			outputPaths = (
			);
			runOnlyForDeploymentPostprocessing = 0;
			shellPath = /bin/sh;
			shellScript = "diff \"${PODS_ROOT}/../Podfile.lock\" \"${PODS_ROOT}/Manifest.lock\" > /dev/null\nif [[ $? != 0 ]] ; then\n    cat << EOM\nerror: The sandbox is not in sync with the Podfile.lock. Run 'pod install' or update your CocoaPods installation.\nEOM\n    exit 1\nfi\n";
			showEnvVarsInLog = 0;
		};
/* End PBXShellScriptBuildPhase section */

/* Begin PBXSourcesBuildPhase section */
		B108CAB7199AD1E70047A473 /* Sources */ = {
			isa = PBXSourcesBuildPhase;
			buildActionMask = 2147483647;
			files = (
				B192A1691D99955800B2B2F3 /* ArrowButton.m in Sources */,
				B108CB0E199B01F30047A473 /* Scale.m in Sources */,
				B108CB00199AD77A0047A473 /* ScalesViewController.m in Sources */,
				B108CB11199B028E0047A473 /* Position.m in Sources */,
				B108CB18199B04710047A473 /* Model.m in Sources */,
				B181A0F41AEFCB900067E79D /* MainViewController.m in Sources */,
				B148F34B19D4B2B0007BF91F /* DoubleDegreeButtonView.m in Sources */,
				B15F7B7619AAA83900028D8D /* UIFont+Guitar.m in Sources */,
				B13799FB19AD1BE0002314D7 /* DegreeButtonView.m in Sources */,
				B16B17B11D998ABE00A52785 /* FullStringView.m in Sources */,
				B16E945D19A176FA001F769A /* DegreePosition.m in Sources */,
				B108CACF199AD1E70047A473 /* AppDelegate.m in Sources */,
				B1EC83F319F4141700A3D30F /* MenuTableViewCell.m in Sources */,
				B108CB08199ADB570047A473 /* StringView.m in Sources */,
				B16E945A19A173D8001F769A /* Coordinate.m in Sources */,
				B15F7B7919AAB13800028D8D /* UIColor+Guitar.m in Sources */,
				B1EC83EF19F40A7800A3D30F /* TutorialViewController.m in Sources */,
				B108CACB199AD1E70047A473 /* main.m in Sources */,
				B108CB14199B02990047A473 /* Degree.m in Sources */,
				B16E945419A05A8E001F769A /* DegreeView.m in Sources */,
				B12A028F1B055B0B00B6AFB6 /* UITableViewCell+Guitar.m in Sources */,
				B16E945119A05169001F769A /* GuitarStore.m in Sources */,
				B15F7B7F19ABFED400028D8D /* MenuTableViewController.m in Sources */,
				B1AFCD8F19AE23DF00714B2D /* NSMutableArray+Guitar.m in Sources */,
				B181A0F71AEFCFF20067E79D /* OptionsViewController.m in Sources */,
			);
			runOnlyForDeploymentPostprocessing = 0;
		};
		B108CADB199AD1E80047A473 /* Sources */ = {
			isa = PBXSourcesBuildPhase;
			buildActionMask = 2147483647;
			files = (
				B108CAED199AD1E80047A473 /* Guitar_Scales_InteractiveTests.m in Sources */,
			);
			runOnlyForDeploymentPostprocessing = 0;
		};
/* End PBXSourcesBuildPhase section */

/* Begin PBXTargetDependency section */
		B108CAE5199AD1E80047A473 /* PBXTargetDependency */ = {
			isa = PBXTargetDependency;
			target = B108CABA199AD1E70047A473 /* Guitar Scales Interactive */;
			targetProxy = B108CAE4199AD1E80047A473 /* PBXContainerItemProxy */;
		};
/* End PBXTargetDependency section */

/* Begin PBXVariantGroup section */
		B108CAC7199AD1E70047A473 /* InfoPlist.strings */ = {
			isa = PBXVariantGroup;
			children = (
				B108CAC8199AD1E70047A473 /* en */,
			);
			name = InfoPlist.strings;
			sourceTree = "<group>";
		};
		B108CAE9199AD1E80047A473 /* InfoPlist.strings */ = {
			isa = PBXVariantGroup;
			children = (
				B108CAEA199AD1E80047A473 /* en */,
			);
			name = InfoPlist.strings;
			sourceTree = "<group>";
		};
/* End PBXVariantGroup section */

/* Begin XCBuildConfiguration section */
		B108CAEE199AD1E80047A473 /* Debug */ = {
			isa = XCBuildConfiguration;
			buildSettings = {
				ALWAYS_SEARCH_USER_PATHS = NO;
				CLANG_CXX_LANGUAGE_STANDARD = "gnu++0x";
				CLANG_CXX_LIBRARY = "libc++";
				CLANG_ENABLE_MODULES = YES;
				CLANG_ENABLE_OBJC_ARC = YES;
				CLANG_WARN_BOOL_CONVERSION = YES;
				CLANG_WARN_CONSTANT_CONVERSION = YES;
				CLANG_WARN_DIRECT_OBJC_ISA_USAGE = YES_ERROR;
				CLANG_WARN_EMPTY_BODY = YES;
				CLANG_WARN_ENUM_CONVERSION = YES;
				CLANG_WARN_INT_CONVERSION = YES;
				CLANG_WARN_OBJC_ROOT_CLASS = YES_ERROR;
				CLANG_WARN__DUPLICATE_METHOD_MATCH = YES;
				CODE_SIGN_IDENTITY = "iPhone Developer: Elena Boyd (M9G2K98LH5)";
				"CODE_SIGN_IDENTITY[sdk=iphoneos*]" = "iPhone Developer: Elena Boyd (52SJZ94WDL)";
				COPY_PHASE_STRIP = NO;
				GCC_C_LANGUAGE_STANDARD = gnu99;
				GCC_DYNAMIC_NO_PIC = NO;
				GCC_OPTIMIZATION_LEVEL = 0;
				GCC_PREPROCESSOR_DEFINITIONS = (
					"DEBUG=1",
					"$(inherited)",
				);
				GCC_SYMBOLS_PRIVATE_EXTERN = NO;
				GCC_WARN_64_TO_32_BIT_CONVERSION = YES;
				GCC_WARN_ABOUT_RETURN_TYPE = YES_ERROR;
				GCC_WARN_UNDECLARED_SELECTOR = YES;
				GCC_WARN_UNINITIALIZED_AUTOS = YES_AGGRESSIVE;
				GCC_WARN_UNUSED_FUNCTION = YES;
				GCC_WARN_UNUSED_VARIABLE = YES;
				IPHONEOS_DEPLOYMENT_TARGET = 7.0;
				ONLY_ACTIVE_ARCH = YES;
				PROVISIONING_PROFILE = "1f0e23c3-b096-4f27-875b-52aae2735deb";
				SDKROOT = iphoneos;
				TARGETED_DEVICE_FAMILY = "1,2";
			};
			name = Debug;
		};
		B108CAEF199AD1E80047A473 /* Release */ = {
			isa = XCBuildConfiguration;
			buildSettings = {
				ALWAYS_SEARCH_USER_PATHS = NO;
				CLANG_CXX_LANGUAGE_STANDARD = "gnu++0x";
				CLANG_CXX_LIBRARY = "libc++";
				CLANG_ENABLE_MODULES = YES;
				CLANG_ENABLE_OBJC_ARC = YES;
				CLANG_WARN_BOOL_CONVERSION = YES;
				CLANG_WARN_CONSTANT_CONVERSION = YES;
				CLANG_WARN_DIRECT_OBJC_ISA_USAGE = YES_ERROR;
				CLANG_WARN_EMPTY_BODY = YES;
				CLANG_WARN_ENUM_CONVERSION = YES;
				CLANG_WARN_INT_CONVERSION = YES;
				CLANG_WARN_OBJC_ROOT_CLASS = YES_ERROR;
				CLANG_WARN__DUPLICATE_METHOD_MATCH = YES;
				CODE_SIGN_IDENTITY = "iPhone Developer: Elena Boyd (M9G2K98LH5)";
				"CODE_SIGN_IDENTITY[sdk=iphoneos*]" = "iPhone Developer";
				COPY_PHASE_STRIP = YES;
				ENABLE_NS_ASSERTIONS = NO;
				GCC_C_LANGUAGE_STANDARD = gnu99;
				GCC_WARN_64_TO_32_BIT_CONVERSION = YES;
				GCC_WARN_ABOUT_RETURN_TYPE = YES_ERROR;
				GCC_WARN_UNDECLARED_SELECTOR = YES;
				GCC_WARN_UNINITIALIZED_AUTOS = YES_AGGRESSIVE;
				GCC_WARN_UNUSED_FUNCTION = YES;
				GCC_WARN_UNUSED_VARIABLE = YES;
				IPHONEOS_DEPLOYMENT_TARGET = 7.0;
				PROVISIONING_PROFILE = "1f0e23c3-b096-4f27-875b-52aae2735deb";
				SDKROOT = iphoneos;
				TARGETED_DEVICE_FAMILY = "1,2";
				VALIDATE_PRODUCT = YES;
			};
			name = Release;
		};
		B108CAF1199AD1E80047A473 /* Debug */ = {
			isa = XCBuildConfiguration;
			baseConfigurationReference = 494BA7F9D1874C41B2F0B0BE /* Pods-Guitar Scales Interactive.xcconfig */;
			buildSettings = {
				ASSETCATALOG_COMPILER_APPICON_NAME = AppIcon;
				ASSETCATALOG_COMPILER_LAUNCHIMAGE_NAME = LaunchImage;
				CODE_SIGN_IDENTITY = "iPhone Developer";
				"CODE_SIGN_IDENTITY[sdk=iphoneos*]" = "iPhone Developer: Elena Boyd (PG63BLB2JP)";
				FRAMEWORK_SEARCH_PATHS = (
					"$(inherited)",
					"$(PROJECT_DIR)",
				);
				GCC_PRECOMPILE_PREFIX_HEADER = YES;
				GCC_PREFIX_HEADER = "Guitar Scales Interactive/Guitar Scales Interactive-Prefix.pch";
				INFOPLIST_FILE = "Guitar Scales Interactive/Guitar Scales Interactive-Info.plist";
				IPHONEOS_DEPLOYMENT_TARGET = 7.0;
				PRODUCT_NAME = "Guitar Note Atlas";
				PROVISIONING_PROFILE = "";
				TARGETED_DEVICE_FAMILY = "1,2";
				WRAPPER_EXTENSION = app;
			};
			name = Debug;
		};
		B108CAF2199AD1E80047A473 /* Release */ = {
			isa = XCBuildConfiguration;
			baseConfigurationReference = 494BA7F9D1874C41B2F0B0BE /* Pods-Guitar Scales Interactive.xcconfig */;
			buildSettings = {
				ASSETCATALOG_COMPILER_APPICON_NAME = AppIcon;
				ASSETCATALOG_COMPILER_LAUNCHIMAGE_NAME = LaunchImage;
				CODE_SIGN_IDENTITY = "iPhone Developer";
				"CODE_SIGN_IDENTITY[sdk=iphoneos*]" = "iPhone Developer: Elena Boyd (M9G2K98LH5)";
				FRAMEWORK_SEARCH_PATHS = (
					"$(inherited)",
					"$(PROJECT_DIR)",
				);
				GCC_PRECOMPILE_PREFIX_HEADER = YES;
				GCC_PREFIX_HEADER = "Guitar Scales Interactive/Guitar Scales Interactive-Prefix.pch";
				INFOPLIST_FILE = "Guitar Scales Interactive/Guitar Scales Interactive-Info.plist";
				IPHONEOS_DEPLOYMENT_TARGET = 7.0;
				PRODUCT_NAME = "Guitar Note Atlas";
				PROVISIONING_PROFILE = "";
				TARGETED_DEVICE_FAMILY = "1,2";
				WRAPPER_EXTENSION = app;
			};
			name = Release;
		};
		B108CAF4199AD1E80047A473 /* Debug */ = {
			isa = XCBuildConfiguration;
			buildSettings = {
				BUNDLE_LOADER = "$(BUILT_PRODUCTS_DIR)/Guitar Scales Interactive.app/Guitar Scales Interactive";
				CODE_SIGN_IDENTITY = "iPhone Developer";
				"CODE_SIGN_IDENTITY[sdk=iphoneos*]" = "iPhone Developer";
				FRAMEWORK_SEARCH_PATHS = (
					"$(SDKROOT)/Developer/Library/Frameworks",
					"$(inherited)",
					"$(DEVELOPER_FRAMEWORKS_DIR)",
				);
				GCC_PRECOMPILE_PREFIX_HEADER = YES;
				GCC_PREFIX_HEADER = "Guitar Scales Interactive/Guitar Scales Interactive-Prefix.pch";
				GCC_PREPROCESSOR_DEFINITIONS = (
					"DEBUG=1",
					"$(inherited)",
				);
				INFOPLIST_FILE = "Guitar Scales InteractiveTests/Guitar Scales InteractiveTests-Info.plist";
				PRODUCT_NAME = "$(TARGET_NAME)";
				PROVISIONING_PROFILE = "";
				TEST_HOST = "$(BUNDLE_LOADER)";
				WRAPPER_EXTENSION = xctest;
			};
			name = Debug;
		};
		B108CAF5199AD1E80047A473 /* Release */ = {
			isa = XCBuildConfiguration;
			buildSettings = {
				BUNDLE_LOADER = "$(BUILT_PRODUCTS_DIR)/Guitar Scales Interactive.app/Guitar Scales Interactive";
				CODE_SIGN_IDENTITY = "iPhone Developer";
				"CODE_SIGN_IDENTITY[sdk=iphoneos*]" = "iPhone Developer";
				FRAMEWORK_SEARCH_PATHS = (
					"$(SDKROOT)/Developer/Library/Frameworks",
					"$(inherited)",
					"$(DEVELOPER_FRAMEWORKS_DIR)",
				);
				GCC_PRECOMPILE_PREFIX_HEADER = YES;
				GCC_PREFIX_HEADER = "Guitar Scales Interactive/Guitar Scales Interactive-Prefix.pch";
				INFOPLIST_FILE = "Guitar Scales InteractiveTests/Guitar Scales InteractiveTests-Info.plist";
				PRODUCT_NAME = "$(TARGET_NAME)";
				PROVISIONING_PROFILE = "";
				TEST_HOST = "$(BUNDLE_LOADER)";
				WRAPPER_EXTENSION = xctest;
			};
			name = Release;
		};
/* End XCBuildConfiguration section */

/* Begin XCConfigurationList section */
		B108CAB6199AD1E70047A473 /* Build configuration list for PBXProject "Guitar Scales Interactive" */ = {
			isa = XCConfigurationList;
			buildConfigurations = (
				B108CAEE199AD1E80047A473 /* Debug */,
				B108CAEF199AD1E80047A473 /* Release */,
			);
			defaultConfigurationIsVisible = 0;
			defaultConfigurationName = Debug;
		};
		B108CAF0199AD1E80047A473 /* Build configuration list for PBXNativeTarget "Guitar Scales Interactive" */ = {
			isa = XCConfigurationList;
			buildConfigurations = (
				B108CAF1199AD1E80047A473 /* Debug */,
				B108CAF2199AD1E80047A473 /* Release */,
			);
			defaultConfigurationIsVisible = 0;
			defaultConfigurationName = Debug;
		};
		B108CAF3199AD1E80047A473 /* Build configuration list for PBXNativeTarget "Guitar Scales InteractiveTests" */ = {
			isa = XCConfigurationList;
			buildConfigurations = (
				B108CAF4199AD1E80047A473 /* Debug */,
				B108CAF5199AD1E80047A473 /* Release */,
			);
			defaultConfigurationIsVisible = 0;
			defaultConfigurationName = Debug;
		};
/* End XCConfigurationList section */
	};
	rootObject = B108CAB3199AD1E70047A473 /* Project object */;
}
